
Microsoft Visual Studio Solution File, Format Version 12.00
# Visual Studio Version 17
VisualStudioVersion = 17.14.36414.22
MinimumVisualStudioVersion = 10.0.40219.1
Project("{FAE04EC0-301F-11D3-BF4B-00C04F79EFBC}") = "SUP1", "SUP1\SUP1.csproj", "{C68D3E7D-FD48-4DC7-8D5A-DADE71DA45CF}"
EndProject
Global
	GlobalSection(SolutionConfigurationPlatforms) = preSolution
		Debug|Any CPU = Debug|Any CPU
		Release|Any CPU = Release|Any CPU
	EndGlobalSection
	GlobalSection(ProjectConfigurationPlatforms) = postSolution
		{C68D3E7D-FD48-4DC7-8D5A-DADE71DA45CF}.Debug|Any CPU.ActiveCfg = Debug|Any CPU
		{C68D3E7D-FD48-4DC7-8D5A-DADE71DA45CF}.Debug|Any CPU.Build.0 = Debug|Any CPU
		{C68D3E7D-FD48-4DC7-8D5A-DADE71DA45CF}.Release|Any CPU.ActiveCfg = Release|Any CPU
		{C68D3E7D-FD48-4DC7-8D5A-DADE71DA45CF}.Release|Any CPU.Build.0 = Release|Any CPU
	EndGlobalSection
	GlobalSection(SolutionProperties) = preSolution
		HideSolutionNode = FALSE
	EndGlobalSection
	GlobalSection(ExtensibilityGlobals) = postSolution
		SolutionGuid = {B999956C-8572-440A-8B42-9A2C9287B14F}
	EndGlobalSection
EndGlobal
